
Microsoft Visual Studio Solution File, Format Version 12.00
# Visual Studio Version 16
VisualStudioVersion = 16.0.30523.141
MinimumVisualStudioVersion = 10.0.40219.1
Project("{8BC9CEB8-8B4A-11D0-8D11-00A0C91BC942}") = "log6", "log6\log6.vcxproj", "{5746B79E-78EE-47B0-84F9-FDD5E72E6266}"
EndProject
Global
	GlobalSection(SolutionConfigurationPlatforms) = preSolution
		Debug|x64 = Debug|x64
		Debug|x86 = Debug|x86
		Release|x64 = Release|x64
		Release|x86 = Release|x86
	EndGlobalSection
	GlobalSection(ProjectConfigurationPlatforms) = postSolution
		{5746B79E-78EE-47B0-84F9-FDD5E72E6266}.Debug|x64.ActiveCfg = Debug|x64
		{5746B79E-78EE-47B0-84F9-FDD5E72E6266}.Debug|x64.Build.0 = Debug|x64
		{5746B79E-78EE-47B0-84F9-FDD5E72E6266}.Debug|x86.ActiveCfg = Debug|Win32
		{5746B79E-78EE-47B0-84F9-FDD5E72E6266}.Debug|x86.Build.0 = Debug|Win32
		{5746B79E-78EE-47B0-84F9-FDD5E72E6266}.Release|x64.ActiveCfg = Release|x64
		{5746B79E-78EE-47B0-84F9-FDD5E72E6266}.Release|x64.Build.0 = Release|x64
		{5746B79E-78EE-47B0-84F9-FDD5E72E6266}.Release|x86.ActiveCfg = Release|Win32
		{5746B79E-78EE-47B0-84F9-FDD5E72E6266}.Release|x86.Build.0 = Release|Win32
	EndGlobalSection
	GlobalSection(SolutionProperties) = preSolution
		HideSolutionNode = FALSE
	EndGlobalSection
	GlobalSection(ExtensibilityGlobals) = postSolution
		SolutionGuid = {F8E046A9-210B-4B2C-AA22-C7EF896C1C1A}
	EndGlobalSection
EndGlobal
